// !$*UTF8*$!
{
	archiveVersion = 1;
	classes = {
	};
	objectVersion = 77;
	objects = {

/* Begin PBXBuildFile section */
		B2B1B2A12D70D5FE00AE20C3 /* FlyingFox in Frameworks */ = {isa = PBXBuildFile; productRef = B2B1B2A02D70D5FE00AE20C3 /* FlyingFox */; };
		B2B1B2A32D70D5FE00AE20C3 /* FlyingSocks in Frameworks */ = {isa = PBXBuildFile; productRef = B2B1B2A22D70D5FE00AE20C3 /* FlyingSocks */; };
		B2B1B2A62D70D60F00AE20C3 /* SMBClient in Frameworks */ = {isa = PBXBuildFile; productRef = B2B1B2A52D70D60F00AE20C3 /* SMBClient */; };
		B2BEBDE12D96AD19006598A7 /* SMBClient in Frameworks */ = {isa = PBXBuildFile; productRef = B2BEBDE02D96AD19006598A7 /* SMBClient */; };
/* End PBXBuildFile section */

/* Begin PBXFileReference section */
		B2B1B28D2D70D57B00AE20C3 /* tdMouse.app */ = {isa = PBXFileReference; explicitFileType = wrapper.application; includeInIndex = 0; path = tdMouse.app; sourceTree = BUILT_PRODUCTS_DIR; };
		B2BEBD9A2D967AF5006598A7 /* tdMouse (iOS).app */ = {isa = PBXFileReference; explicitFileType = wrapper.application; includeInIndex = 0; path = "tdMouse (iOS).app"; sourceTree = BUILT_PRODUCTS_DIR; };
/* End PBXFileReference section */

/* Begin PBXFileSystemSynchronizedBuildFileExceptionSet section */
		B2BEBDD92D96AB9E006598A7 /* Exceptions for "Shared" folder in "tdMouse (iOS)" target */ = {
			isa = PBXFileSystemSynchronizedBuildFileExceptionSet;
			membershipExceptions = (
				"Extensions/File+Ext.swift",
				"Extensions/LocalFile+Ext.swift",
				"Extensions/SMBClient+Ext.swift",
				"Extensions/URL+Ext.swift",
				Helpers/Helpers.swift,
				Managers/Transfer/TransferManager.swift,
				"Managers/Transfer/TransferManager+DragDrop.swift",
				"Managers/Transfer/TransferManager+FileTransfers.swift",
				"Managers/Transfer/TransferManager+FolderDownloads.swift",
				"Managers/Transfer/TransferManager+FolderUploads.swift",
				Models/Enums/ConnectionState.swift,
				Models/Enums/FileType.swift,
				Models/Enums/TransferDirection.swift,
				Models/Enums/TransferError.swift,
				Models/Enums/TransferOperation.swift,
				Models/FileItem.swift,
				Models/LocalFile.swift,
				Models/SavedConnection.swift,
				Models/SMBServerCredentials.swift,
				Models/Transfer/TransferCheckpoint.swift,
				Models/Transfer/TransferStats.swift,
				Models/Transfer/TransferTask.swift,
				ViewModels/FileTransfer/FileTransferViewModel.swift,
				"ViewModels/FileTransfer/FileTransferViewModel+Connection.swift",
				"ViewModels/FileTransfer/FileTransferViewModel+DirectoryOperations.swift",
				"ViewModels/FileTransfer/FileTransferViewModel+FileOperations.swift",
				"ViewModels/FileTransfer/FileTransferViewModel+TransferStats.swift",
				Views/CreateFolderSheet.swift,
			);
			target = B2BEBD992D967AF5006598A7 /* tdMouse (iOS) */;
		};
/* End PBXFileSystemSynchronizedBuildFileExceptionSet section */

/* Begin PBXFileSystemSynchronizedRootGroup section */
		B2B1B28F2D70D57B00AE20C3 /* tdMouse */ = {
			isa = PBXFileSystemSynchronizedRootGroup;
			path = tdMouse;
			sourceTree = "<group>";
		};
		B2BEBD9B2D967AF5006598A7 /* tdMouse (iOS) */ = {
			isa = PBXFileSystemSynchronizedRootGroup;
			path = "tdMouse (iOS)";
			sourceTree = "<group>";
		};
		B2BEBDC72D96AB8F006598A7 /* Shared */ = {
			isa = PBXFileSystemSynchronizedRootGroup;
			exceptions = (
				B2BEBDD92D96AB9E006598A7 /* Exceptions for "Shared" folder in "tdMouse (iOS)" target */,
			);
			path = Shared;
			sourceTree = "<group>";
		};
/* End PBXFileSystemSynchronizedRootGroup section */

/* Begin PBXFrameworksBuildPhase section */
		B2B1B28A2D70D57B00AE20C3 /* Frameworks */ = {
			isa = PBXFrameworksBuildPhase;
			buildActionMask = 2147483647;
			files = (
				B2B1B2A62D70D60F00AE20C3 /* SMBClient in Frameworks */,
				B2B1B2A12D70D5FE00AE20C3 /* FlyingFox in Frameworks */,
				B2B1B2A32D70D5FE00AE20C3 /* FlyingSocks in Frameworks */,
			);
			runOnlyForDeploymentPostprocessing = 0;
		};
		B2BEBD972D967AF5006598A7 /* Frameworks */ = {
			isa = PBXFrameworksBuildPhase;
			buildActionMask = 2147483647;
			files = (
				B2BEBDE12D96AD19006598A7 /* SMBClient in Frameworks */,
			);
			runOnlyForDeploymentPostprocessing = 0;
		};
/* End PBXFrameworksBuildPhase section */

/* Begin PBXGroup section */
		B2B1B2842D70D57B00AE20C3 = {
			isa = PBXGroup;
			children = (
				B2BEBDC72D96AB8F006598A7 /* Shared */,
				B2B1B28F2D70D57B00AE20C3 /* tdMouse */,
				B2BEBD9B2D967AF5006598A7 /* tdMouse (iOS) */,
				B2B1B28E2D70D57B00AE20C3 /* Products */,
			);
			sourceTree = "<group>";
		};
		B2B1B28E2D70D57B00AE20C3 /* Products */ = {
			isa = PBXGroup;
			children = (
				B2B1B28D2D70D57B00AE20C3 /* tdMouse.app */,
				B2BEBD9A2D967AF5006598A7 /* tdMouse (iOS).app */,
			);
			name = Products;
			sourceTree = "<group>";
		};
/* End PBXGroup section */

/* Begin PBXNativeTarget section */
		B2B1B28C2D70D57B00AE20C3 /* tdMouse */ = {
			isa = PBXNativeTarget;
			buildConfigurationList = B2B1B29C2D70D57C00AE20C3 /* Build configuration list for PBXNativeTarget "tdMouse" */;
			buildPhases = (
				B2B1B2892D70D57B00AE20C3 /* Sources */,
				B2B1B28A2D70D57B00AE20C3 /* Frameworks */,
				B2B1B28B2D70D57B00AE20C3 /* Resources */,
			);
			buildRules = (
			);
			dependencies = (
			);
			fileSystemSynchronizedGroups = (
				B2B1B28F2D70D57B00AE20C3 /* tdMouse */,
				B2BEBDC72D96AB8F006598A7 /* Shared */,
			);
			name = tdMouse;
			packageProductDependencies = (
				B2B1B2A02D70D5FE00AE20C3 /* FlyingFox */,
				B2B1B2A22D70D5FE00AE20C3 /* FlyingSocks */,
				B2B1B2A52D70D60F00AE20C3 /* SMBClient */,
			);
			productName = tdMouse;
			productReference = B2B1B28D2D70D57B00AE20C3 /* tdMouse.app */;
			productType = "com.apple.product-type.application";
		};
		B2BEBD992D967AF5006598A7 /* tdMouse (iOS) */ = {
			isa = PBXNativeTarget;
			buildConfigurationList = B2BEBDA52D967AF6006598A7 /* Build configuration list for PBXNativeTarget "tdMouse (iOS)" */;
			buildPhases = (
				B2BEBD962D967AF5006598A7 /* Sources */,
				B2BEBD972D967AF5006598A7 /* Frameworks */,
				B2BEBD982D967AF5006598A7 /* Resources */,
			);
			buildRules = (
			);
			dependencies = (
			);
			fileSystemSynchronizedGroups = (
				B2BEBD9B2D967AF5006598A7 /* tdMouse (iOS) */,
			);
			name = "tdMouse (iOS)";
			packageProductDependencies = (
				B2BEBDE02D96AD19006598A7 /* SMBClient */,
			);
			productName = "tdMouse (iOS)";
			productReference = B2BEBD9A2D967AF5006598A7 /* tdMouse (iOS).app */;
			productType = "com.apple.product-type.application";
		};
/* End PBXNativeTarget section */

/* Begin PBXProject section */
		B2B1B2852D70D57B00AE20C3 /* Project object */ = {
			isa = PBXProject;
			attributes = {
				BuildIndependentTargetsInParallel = 1;
				LastSwiftUpdateCheck = 1620;
				LastUpgradeCheck = 1620;
				TargetAttributes = {
					B2B1B28C2D70D57B00AE20C3 = {
						CreatedOnToolsVersion = 16.2;
						LastSwiftMigration = 1620;
					};
					B2BEBD992D967AF5006598A7 = {
						CreatedOnToolsVersion = 16.2;
					};
				};
			};
			buildConfigurationList = B2B1B2882D70D57B00AE20C3 /* Build configuration list for PBXProject "tdMouse" */;
			developmentRegion = en;
			hasScannedForEncodings = 0;
			knownRegions = (
				en,
				Base,
			);
			mainGroup = B2B1B2842D70D57B00AE20C3;
			minimizedProjectReferenceProxies = 1;
			packageReferences = (
				B2B1B29F2D70D5FE00AE20C3 /* XCRemoteSwiftPackageReference "FlyingFox" */,
				B2B1B2A42D70D60F00AE20C3 /* XCRemoteSwiftPackageReference "SMBClient" */,
			);
			preferredProjectObjectVersion = 77;
			productRefGroup = B2B1B28E2D70D57B00AE20C3 /* Products */;
			projectDirPath = "";
			projectRoot = "";
			targets = (
				B2B1B28C2D70D57B00AE20C3 /* tdMouse */,
				B2BEBD992D967AF5006598A7 /* tdMouse (iOS) */,
			);
		};
/* End PBXProject section */

/* Begin PBXResourcesBuildPhase section */
		B2B1B28B2D70D57B00AE20C3 /* Resources */ = {
			isa = PBXResourcesBuildPhase;
			buildActionMask = 2147483647;
			files = (
			);
			runOnlyForDeploymentPostprocessing = 0;
		};
		B2BEBD982D967AF5006598A7 /* Resources */ = {
			isa = PBXResourcesBuildPhase;
			buildActionMask = 2147483647;
			files = (
			);
			runOnlyForDeploymentPostprocessing = 0;
		};
/* End PBXResourcesBuildPhase section */

/* Begin PBXSourcesBuildPhase section */
		B2B1B2892D70D57B00AE20C3 /* Sources */ = {
			isa = PBXSourcesBuildPhase;
			buildActionMask = 2147483647;
			files = (
			);
			runOnlyForDeploymentPostprocessing = 0;
		};
		B2BEBD962D967AF5006598A7 /* Sources */ = {
			isa = PBXSourcesBuildPhase;
			buildActionMask = 2147483647;
			files = (
			);
			runOnlyForDeploymentPostprocessing = 0;
		};
/* End PBXSourcesBuildPhase section */

/* Begin XCBuildConfiguration section */
		B2B1B29A2D70D57C00AE20C3 /* Debug */ = {
			isa = XCBuildConfiguration;
			buildSettings = {
				ALWAYS_SEARCH_USER_PATHS = NO;
				ASSETCATALOG_COMPILER_GENERATE_SWIFT_ASSET_SYMBOL_EXTENSIONS = YES;
				CLANG_ANALYZER_NONNULL = YES;
				CLANG_ANALYZER_NUMBER_OBJECT_CONVERSION = YES_AGGRESSIVE;
				CLANG_CXX_LANGUAGE_STANDARD = "gnu++20";
				CLANG_ENABLE_MODULES = YES;
				CLANG_ENABLE_OBJC_ARC = YES;
				CLANG_ENABLE_OBJC_WEAK = YES;
				CLANG_WARN_BLOCK_CAPTURE_AUTORELEASING = YES;
				CLANG_WARN_BOOL_CONVERSION = YES;
				CLANG_WARN_COMMA = YES;
				CLANG_WARN_CONSTANT_CONVERSION = YES;
				CLANG_WARN_DEPRECATED_OBJC_IMPLEMENTATIONS = YES;
				CLANG_WARN_DIRECT_OBJC_ISA_USAGE = YES_ERROR;
				CLANG_WARN_DOCUMENTATION_COMMENTS = YES;
				CLANG_WARN_EMPTY_BODY = YES;
				CLANG_WARN_ENUM_CONVERSION = YES;
				CLANG_WARN_INFINITE_RECURSION = YES;
				CLANG_WARN_INT_CONVERSION = YES;
				CLANG_WARN_NON_LITERAL_NULL_CONVERSION = YES;
				CLANG_WARN_OBJC_IMPLICIT_RETAIN_SELF = YES;
				CLANG_WARN_OBJC_LITERAL_CONVERSION = YES;
				CLANG_WARN_OBJC_ROOT_CLASS = YES_ERROR;
				CLANG_WARN_QUOTED_INCLUDE_IN_FRAMEWORK_HEADER = YES;
				CLANG_WARN_RANGE_LOOP_ANALYSIS = YES;
				CLANG_WARN_STRICT_PROTOTYPES = YES;
				CLANG_WARN_SUSPICIOUS_MOVE = YES;
				CLANG_WARN_UNGUARDED_AVAILABILITY = YES_AGGRESSIVE;
				CLANG_WARN_UNREACHABLE_CODE = YES;
				CLANG_WARN__DUPLICATE_METHOD_MATCH = YES;
				COPY_PHASE_STRIP = NO;
				DEBUG_INFORMATION_FORMAT = dwarf;
				ENABLE_STRICT_OBJC_MSGSEND = YES;
				ENABLE_TESTABILITY = YES;
				ENABLE_USER_SCRIPT_SANDBOXING = YES;
				GCC_C_LANGUAGE_STANDARD = gnu17;
				GCC_DYNAMIC_NO_PIC = NO;
				GCC_NO_COMMON_BLOCKS = YES;
				GCC_OPTIMIZATION_LEVEL = 0;
				GCC_PREPROCESSOR_DEFINITIONS = (
					"DEBUG=1",
					"$(inherited)",
				);
				GCC_WARN_64_TO_32_BIT_CONVERSION = YES;
				GCC_WARN_ABOUT_RETURN_TYPE = YES_ERROR;
				GCC_WARN_UNDECLARED_SELECTOR = YES;
				GCC_WARN_UNINITIALIZED_AUTOS = YES_AGGRESSIVE;
				GCC_WARN_UNUSED_FUNCTION = YES;
				GCC_WARN_UNUSED_VARIABLE = YES;
				LOCALIZATION_PREFERS_STRING_CATALOGS = YES;
				MACOSX_DEPLOYMENT_TARGET = 15.2;
				MTL_ENABLE_DEBUG_INFO = INCLUDE_SOURCE;
				MTL_FAST_MATH = YES;
				ONLY_ACTIVE_ARCH = YES;
				SDKROOT = macosx;
				SWIFT_ACTIVE_COMPILATION_CONDITIONS = "DEBUG $(inherited)";
				SWIFT_OPTIMIZATION_LEVEL = "-Onone";
			};
			name = Debug;
		};
		B2B1B29B2D70D57C00AE20C3 /* Release */ = {
			isa = XCBuildConfiguration;
			buildSettings = {
				ALWAYS_SEARCH_USER_PATHS = NO;
				ASSETCATALOG_COMPILER_GENERATE_SWIFT_ASSET_SYMBOL_EXTENSIONS = YES;
				CLANG_ANALYZER_NONNULL = YES;
				CLANG_ANALYZER_NUMBER_OBJECT_CONVERSION = YES_AGGRESSIVE;
				CLANG_CXX_LANGUAGE_STANDARD = "gnu++20";
				CLANG_ENABLE_MODULES = YES;
				CLANG_ENABLE_OBJC_ARC = YES;
				CLANG_ENABLE_OBJC_WEAK = YES;
				CLANG_WARN_BLOCK_CAPTURE_AUTORELEASING = YES;
				CLANG_WARN_BOOL_CONVERSION = YES;
				CLANG_WARN_COMMA = YES;
				CLANG_WARN_CONSTANT_CONVERSION = YES;
				CLANG_WARN_DEPRECATED_OBJC_IMPLEMENTATIONS = YES;
				CLANG_WARN_DIRECT_OBJC_ISA_USAGE = YES_ERROR;
				CLANG_WARN_DOCUMENTATION_COMMENTS = YES;
				CLANG_WARN_EMPTY_BODY = YES;
				CLANG_WARN_ENUM_CONVERSION = YES;
				CLANG_WARN_INFINITE_RECURSION = YES;
				CLANG_WARN_INT_CONVERSION = YES;
				CLANG_WARN_NON_LITERAL_NULL_CONVERSION = YES;
				CLANG_WARN_OBJC_IMPLICIT_RETAIN_SELF = YES;
				CLANG_WARN_OBJC_LITERAL_CONVERSION = YES;
				CLANG_WARN_OBJC_ROOT_CLASS = YES_ERROR;
				CLANG_WARN_QUOTED_INCLUDE_IN_FRAMEWORK_HEADER = YES;
				CLANG_WARN_RANGE_LOOP_ANALYSIS = YES;
				CLANG_WARN_STRICT_PROTOTYPES = YES;
				CLANG_WARN_SUSPICIOUS_MOVE = YES;
				CLANG_WARN_UNGUARDED_AVAILABILITY = YES_AGGRESSIVE;
				CLANG_WARN_UNREACHABLE_CODE = YES;
				CLANG_WARN__DUPLICATE_METHOD_MATCH = YES;
				COPY_PHASE_STRIP = NO;
				DEBUG_INFORMATION_FORMAT = "dwarf-with-dsym";
				ENABLE_NS_ASSERTIONS = NO;
				ENABLE_STRICT_OBJC_MSGSEND = YES;
				ENABLE_USER_SCRIPT_SANDBOXING = YES;
				GCC_C_LANGUAGE_STANDARD = gnu17;
				GCC_NO_COMMON_BLOCKS = YES;
				GCC_WARN_64_TO_32_BIT_CONVERSION = YES;
				GCC_WARN_ABOUT_RETURN_TYPE = YES_ERROR;
				GCC_WARN_UNDECLARED_SELECTOR = YES;
				GCC_WARN_UNINITIALIZED_AUTOS = YES_AGGRESSIVE;
				GCC_WARN_UNUSED_FUNCTION = YES;
				GCC_WARN_UNUSED_VARIABLE = YES;
				LOCALIZATION_PREFERS_STRING_CATALOGS = YES;
				MACOSX_DEPLOYMENT_TARGET = 15.2;
				MTL_ENABLE_DEBUG_INFO = NO;
				MTL_FAST_MATH = YES;
				SDKROOT = macosx;
				SWIFT_COMPILATION_MODE = wholemodule;
			};
			name = Release;
		};
		B2B1B29D2D70D57C00AE20C3 /* Debug */ = {
			isa = XCBuildConfiguration;
			buildSettings = {
				ASSETCATALOG_COMPILER_APPICON_NAME = AppIcon;
				ASSETCATALOG_COMPILER_GLOBAL_ACCENT_COLOR_NAME = AccentColor;
				ASSETCATALOG_COMPILER_INCLUDE_ALL_APPICON_ASSETS = NO;
				CLANG_ENABLE_MODULES = YES;
				CODE_SIGN_ENTITLEMENTS = tdMouse/tdMouse.entitlements;
				"CODE_SIGN_IDENTITY[sdk=macosx*]" = "Apple Development";
				CODE_SIGN_STYLE = Automatic;
				COMBINE_HIDPI_IMAGES = YES;
				CURRENT_PROJECT_VERSION = 1;
				DEVELOPMENT_TEAM = 5934F7X3NB;
				ENABLE_HARDENED_RUNTIME = YES;
				GENERATE_INFOPLIST_FILE = YES;
				INFOPLIST_KEY_CFBundleDisplayName = "TD Mouse";
				INFOPLIST_KEY_NSHumanReadableCopyright = "";
				INFOPLIST_KEY_NSPrincipalClass = NSApplication;
				LD_RUNPATH_SEARCH_PATHS = (
					"$(inherited)",
					"@executable_path/../Frameworks",
				);
				MACOSX_DEPLOYMENT_TARGET = 14.6;
				MARKETING_VERSION = 1.0;
				PRODUCT_BUNDLE_IDENTIFIER = thinh.macOS.tdMouse;
				PRODUCT_NAME = "$(TARGET_NAME)";
				SWIFT_EMIT_LOC_STRINGS = YES;
				SWIFT_OPTIMIZATION_LEVEL = "-Onone";
				SWIFT_VERSION = 5.0;
			};
			name = Debug;
		};
		B2B1B29E2D70D57C00AE20C3 /* Release */ = {
			isa = XCBuildConfiguration;
			buildSettings = {
				ASSETCATALOG_COMPILER_APPICON_NAME = AppIcon;
				ASSETCATALOG_COMPILER_GLOBAL_ACCENT_COLOR_NAME = AccentColor;
				ASSETCATALOG_COMPILER_INCLUDE_ALL_APPICON_ASSETS = NO;
				CLANG_ENABLE_MODULES = YES;
				CODE_SIGN_ENTITLEMENTS = tdMouse/tdMouse.entitlements;
				"CODE_SIGN_IDENTITY[sdk=macosx*]" = "Apple Development";
				CODE_SIGN_STYLE = Automatic;
				COMBINE_HIDPI_IMAGES = YES;
				CURRENT_PROJECT_VERSION = 1;
				DEVELOPMENT_TEAM = 5934F7X3NB;
				ENABLE_HARDENED_RUNTIME = YES;
				GENERATE_INFOPLIST_FILE = YES;
				INFOPLIST_KEY_CFBundleDisplayName = "TD Mouse";
				INFOPLIST_KEY_NSHumanReadableCopyright = "";
				INFOPLIST_KEY_NSPrincipalClass = NSApplication;
				LD_RUNPATH_SEARCH_PATHS = (
					"$(inherited)",
					"@executable_path/../Frameworks",
				);
				MACOSX_DEPLOYMENT_TARGET = 14.6;
				MARKETING_VERSION = 1.0;
				PRODUCT_BUNDLE_IDENTIFIER = thinh.macOS.tdMouse;
				PRODUCT_NAME = "$(TARGET_NAME)";
				SWIFT_EMIT_LOC_STRINGS = YES;
				SWIFT_VERSION = 5.0;
			};
			name = Release;
		};
		B2BEBDA62D967AF6006598A7 /* Debug */ = {
			isa = XCBuildConfiguration;
			buildSettings = {
				ASSETCATALOG_COMPILER_APPICON_NAME = AppIcon;
				ASSETCATALOG_COMPILER_GLOBAL_ACCENT_COLOR_NAME = AccentColor;
				CODE_SIGN_STYLE = Automatic;
				CURRENT_PROJECT_VERSION = 1;
				DEVELOPMENT_ASSET_PATHS = "\"tdMouse (iOS)/Preview Content\"";
				DEVELOPMENT_TEAM = 5934F7X3NB;
				ENABLE_PREVIEWS = YES;
				GENERATE_INFOPLIST_FILE = YES;
				INFOPLIST_KEY_CFBundleDisplayName = "TD Mouse";
				INFOPLIST_KEY_UIApplicationSceneManifest_Generation = YES;
				INFOPLIST_KEY_UIApplicationSupportsIndirectInputEvents = YES;
				INFOPLIST_KEY_UILaunchScreen_Generation = YES;
				INFOPLIST_KEY_UISupportedInterfaceOrientations = UIInterfaceOrientationPortrait;
				IPHONEOS_DEPLOYMENT_TARGET = 16.6;
				LD_RUNPATH_SEARCH_PATHS = (
					"$(inherited)",
					"@executable_path/Frameworks",
				);
				MARKETING_VERSION = 1.0;
				PRODUCT_BUNDLE_IDENTIFIER = thinh.iOS.tdMouse;
				PRODUCT_NAME = "$(TARGET_NAME)";
				SDKROOT = iphoneos;
				SWIFT_EMIT_LOC_STRINGS = YES;
				SWIFT_VERSION = 5.0;
				TARGETED_DEVICE_FAMILY = "1,2";
			};
			name = Debug;
		};
		B2BEBDA72D967AF6006598A7 /* Release */ = {
			isa = XCBuildConfiguration;
			buildSettings = {
				ASSETCATALOG_COMPILER_APPICON_NAME = AppIcon;
				ASSETCATALOG_COMPILER_GLOBAL_ACCENT_COLOR_NAME = AccentColor;
				CODE_SIGN_STYLE = Automatic;
				CURRENT_PROJECT_VERSION = 1;
				DEVELOPMENT_ASSET_PATHS = "\"tdMouse (iOS)/Preview Content\"";
				DEVELOPMENT_TEAM = 5934F7X3NB;
				ENABLE_PREVIEWS = YES;
				GENERATE_INFOPLIST_FILE = YES;
				INFOPLIST_KEY_CFBundleDisplayName = "TD Mouse";
				INFOPLIST_KEY_UIApplicationSceneManifest_Generation = YES;
				INFOPLIST_KEY_UIApplicationSupportsIndirectInputEvents = YES;
				INFOPLIST_KEY_UILaunchScreen_Generation = YES;
				INFOPLIST_KEY_UISupportedInterfaceOrientations = UIInterfaceOrientationPortrait;
				IPHONEOS_DEPLOYMENT_TARGET = 16.6;
				LD_RUNPATH_SEARCH_PATHS = (
					"$(inherited)",
					"@executable_path/Frameworks",
				);
				MARKETING_VERSION = 1.0;
				PRODUCT_BUNDLE_IDENTIFIER = thinh.iOS.tdMouse;
				PRODUCT_NAME = "$(TARGET_NAME)";
				SDKROOT = iphoneos;
				SWIFT_EMIT_LOC_STRINGS = YES;
				SWIFT_VERSION = 5.0;
				TARGETED_DEVICE_FAMILY = "1,2";
				VALIDATE_PRODUCT = YES;
			};
			name = Release;
		};
/* End XCBuildConfiguration section */

/* Begin XCConfigurationList section */
		B2B1B2882D70D57B00AE20C3 /* Build configuration list for PBXProject "tdMouse" */ = {
			isa = XCConfigurationList;
			buildConfigurations = (
				B2B1B29A2D70D57C00AE20C3 /* Debug */,
				B2B1B29B2D70D57C00AE20C3 /* Release */,
			);
			defaultConfigurationIsVisible = 0;
			defaultConfigurationName = Release;
		};
		B2B1B29C2D70D57C00AE20C3 /* Build configuration list for PBXNativeTarget "tdMouse" */ = {
			isa = XCConfigurationList;
			buildConfigurations = (
				B2B1B29D2D70D57C00AE20C3 /* Debug */,
				B2B1B29E2D70D57C00AE20C3 /* Release */,
			);
			defaultConfigurationIsVisible = 0;
			defaultConfigurationName = Release;
		};
		B2BEBDA52D967AF6006598A7 /* Build configuration list for PBXNativeTarget "tdMouse (iOS)" */ = {
			isa = XCConfigurationList;
			buildConfigurations = (
				B2BEBDA62D967AF6006598A7 /* Debug */,
				B2BEBDA72D967AF6006598A7 /* Release */,
			);
			defaultConfigurationIsVisible = 0;
			defaultConfigurationName = Release;
		};
/* End XCConfigurationList section */

/* Begin XCRemoteSwiftPackageReference section */
		B2B1B29F2D70D5FE00AE20C3 /* XCRemoteSwiftPackageReference "FlyingFox" */ = {
			isa = XCRemoteSwiftPackageReference;
			repositoryURL = "https://github.com/swhitty/FlyingFox.git";
			requirement = {
				kind = upToNextMajorVersion;
				minimumVersion = 0.21.0;
			};
		};
		B2B1B2A42D70D60F00AE20C3 /* XCRemoteSwiftPackageReference "SMBClient" */ = {
			isa = XCRemoteSwiftPackageReference;
			repositoryURL = "https://github.com/kishikawakatsumi/SMBClient.git";
			requirement = {
				kind = upToNextMajorVersion;
				minimumVersion = 0.3.1;
			};
		};
/* End XCRemoteSwiftPackageReference section */

/* Begin XCSwiftPackageProductDependency section */
		B2B1B2A02D70D5FE00AE20C3 /* FlyingFox */ = {
			isa = XCSwiftPackageProductDependency;
			package = B2B1B29F2D70D5FE00AE20C3 /* XCRemoteSwiftPackageReference "FlyingFox" */;
			productName = FlyingFox;
		};
		B2B1B2A22D70D5FE00AE20C3 /* FlyingSocks */ = {
			isa = XCSwiftPackageProductDependency;
			package = B2B1B29F2D70D5FE00AE20C3 /* XCRemoteSwiftPackageReference "FlyingFox" */;
			productName = FlyingSocks;
		};
		B2B1B2A52D70D60F00AE20C3 /* SMBClient */ = {
			isa = XCSwiftPackageProductDependency;
			package = B2B1B2A42D70D60F00AE20C3 /* XCRemoteSwiftPackageReference "SMBClient" */;
			productName = SMBClient;
		};
		B2BEBDE02D96AD19006598A7 /* SMBClient */ = {
			isa = XCSwiftPackageProductDependency;
			package = B2B1B2A42D70D60F00AE20C3 /* XCRemoteSwiftPackageReference "SMBClient" */;
			productName = SMBClient;
		};
/* End XCSwiftPackageProductDependency section */
	};
	rootObject = B2B1B2852D70D57B00AE20C3 /* Project object */;
}
